
Microsoft Visual Studio Solution File, Format Version 12.00
Project("{FAE04EC0-301F-11D3-BF4B-00C04F79EFBC}") = "Day01", "Day01\Day01.csproj", "{DE09327D-612E-4515-A163-B2D062234D85}"
EndProject
Project("{FAE04EC0-301F-11D3-BF4B-00C04F79EFBC}") = "Day02", "Day02\Day02.csproj", "{7B0C9716-0945-4DF7-B09C-CEE73BC21413}"
EndProject
Project("{FAE04EC0-301F-11D3-BF4B-00C04F79EFBC}") = "Day03", "Day03\Day03.csproj", "{042FD194-5BD7-48CB-A84C-F811068796B2}"
EndProject
Project("{FAE04EC0-301F-11D3-BF4B-00C04F79EFBC}") = "Day04", "Day04\Day04.csproj", "{9A2167D3-30AA-4B20-87F4-B248F6BAE2FE}"
EndProject
Project("{FAE04EC0-301F-11D3-BF4B-00C04F79EFBC}") = "Day05", "Day05\Day05.csproj", "{311AD6EF-A759-4BA7-85FC-2364EC9EF4B5}"
EndProject
Project("{FAE04EC0-301F-11D3-BF4B-00C04F79EFBC}") = "AocHelpers", "AocHelpers\AocHelpers.csproj", "{F7675AEE-A7D8-4FF9-86EE-E7E35307CC57}"
EndProject
Project("{FAE04EC0-301F-11D3-BF4B-00C04F79EFBC}") = "Day06", "Day06\Day06.csproj", "{9F9AFA04-F0C4-4398-AB1A-9DF028C93D96}"
EndProject
Global
	GlobalSection(SolutionConfigurationPlatforms) = preSolution
		Debug|Any CPU = Debug|Any CPU
		Release|Any CPU = Release|Any CPU
	EndGlobalSection
	GlobalSection(ProjectConfigurationPlatforms) = postSolution
		{DE09327D-612E-4515-A163-B2D062234D85}.Debug|Any CPU.ActiveCfg = Debug|Any CPU
		{DE09327D-612E-4515-A163-B2D062234D85}.Debug|Any CPU.Build.0 = Debug|Any CPU
		{DE09327D-612E-4515-A163-B2D062234D85}.Release|Any CPU.ActiveCfg = Release|Any CPU
		{DE09327D-612E-4515-A163-B2D062234D85}.Release|Any CPU.Build.0 = Release|Any CPU
		{7B0C9716-0945-4DF7-B09C-CEE73BC21413}.Debug|Any CPU.ActiveCfg = Debug|Any CPU
		{7B0C9716-0945-4DF7-B09C-CEE73BC21413}.Debug|Any CPU.Build.0 = Debug|Any CPU
		{7B0C9716-0945-4DF7-B09C-CEE73BC21413}.Release|Any CPU.ActiveCfg = Release|Any CPU
		{7B0C9716-0945-4DF7-B09C-CEE73BC21413}.Release|Any CPU.Build.0 = Release|Any CPU
		{042FD194-5BD7-48CB-A84C-F811068796B2}.Debug|Any CPU.ActiveCfg = Debug|Any CPU
		{042FD194-5BD7-48CB-A84C-F811068796B2}.Debug|Any CPU.Build.0 = Debug|Any CPU
		{042FD194-5BD7-48CB-A84C-F811068796B2}.Release|Any CPU.ActiveCfg = Release|Any CPU
		{042FD194-5BD7-48CB-A84C-F811068796B2}.Release|Any CPU.Build.0 = Release|Any CPU
		{9A2167D3-30AA-4B20-87F4-B248F6BAE2FE}.Debug|Any CPU.ActiveCfg = Debug|Any CPU
		{9A2167D3-30AA-4B20-87F4-B248F6BAE2FE}.Debug|Any CPU.Build.0 = Debug|Any CPU
		{9A2167D3-30AA-4B20-87F4-B248F6BAE2FE}.Release|Any CPU.ActiveCfg = Release|Any CPU
		{9A2167D3-30AA-4B20-87F4-B248F6BAE2FE}.Release|Any CPU.Build.0 = Release|Any CPU
		{311AD6EF-A759-4BA7-85FC-2364EC9EF4B5}.Debug|Any CPU.ActiveCfg = Debug|Any CPU
		{311AD6EF-A759-4BA7-85FC-2364EC9EF4B5}.Debug|Any CPU.Build.0 = Debug|Any CPU
		{311AD6EF-A759-4BA7-85FC-2364EC9EF4B5}.Release|Any CPU.ActiveCfg = Release|Any CPU
		{311AD6EF-A759-4BA7-85FC-2364EC9EF4B5}.Release|Any CPU.Build.0 = Release|Any CPU
		{F7675AEE-A7D8-4FF9-86EE-E7E35307CC57}.Debug|Any CPU.ActiveCfg = Debug|Any CPU
		{F7675AEE-A7D8-4FF9-86EE-E7E35307CC57}.Debug|Any CPU.Build.0 = Debug|Any CPU
		{F7675AEE-A7D8-4FF9-86EE-E7E35307CC57}.Release|Any CPU.ActiveCfg = Release|Any CPU
		{F7675AEE-A7D8-4FF9-86EE-E7E35307CC57}.Release|Any CPU.Build.0 = Release|Any CPU
		{9F9AFA04-F0C4-4398-AB1A-9DF028C93D96}.Debug|Any CPU.ActiveCfg = Debug|Any CPU
		{9F9AFA04-F0C4-4398-AB1A-9DF028C93D96}.Debug|Any CPU.Build.0 = Debug|Any CPU
		{9F9AFA04-F0C4-4398-AB1A-9DF028C93D96}.Release|Any CPU.ActiveCfg = Release|Any CPU
		{9F9AFA04-F0C4-4398-AB1A-9DF028C93D96}.Release|Any CPU.Build.0 = Release|Any CPU
	EndGlobalSection
EndGlobal
